{
  "name": "@chaine/tokens",
  "version": "1.0.3",
  "lockfileVersion": 1,
  "requires": true,
  "dependencies": {
    "@chaine/prettier-config": {
      "version": "1.0.1",
      "resolved": "https://registry.npmjs.org/@chaine/prettier-config/-/prettier-config-1.0.1.tgz",
      "integrity": "sha512-gWp326p9umDUlfiCRW1oa4FLDm19WIBeK0Umqz4JDsYf9mXwJImCNUf1WrlvDDbBNDbrMfYKostVszOKTuJbzQ==",
      "dev": true
    },
    "typescript": {
      "version": "3.9.9",
      "resolved": "https://registry.npmjs.org/typescript/-/typescript-3.9.9.tgz",
      "integrity": "sha512-kdMjTiekY+z/ubJCATUPlRDl39vXYiMV9iyeMuEuXZh2we6zz80uovNN2WlAxmmdE/Z/YQe+EbOEXB5RHEED3w==",
      "dev": true
    }
  }
}
