{
  "name": "@chaine/tokens",
  "version": "1.0.4",
  "lockfileVersion": 1,
  "requires": true,
  "dependencies": {
    "@chaine/prettier-config": {
      "version": "1.0.3",
      "resolved": "https://registry.npmjs.org/@chaine/prettier-config/-/prettier-config-1.0.3.tgz",
      "integrity": "sha512-ZlraqYd743QRFMSm0qZJxm/epLchT6XndEqBlB1ZWDT9dl1/5Kw0MD59uPv3e9AuBPeOjgUwB8Ut0Aa4UltxGA==",
      "dev": true
    },
    "prettier": {
      "version": "2.2.1",
      "resolved": "https://registry.npmjs.org/prettier/-/prettier-2.2.1.tgz",
      "integrity": "sha512-PqyhM2yCjg/oKkFPtTGUojv7gnZAoG80ttl45O6x2Ug/rMJw4wcc9k6aaf2hibP7BGVCCM33gZoGjyvt9mm16Q==",
      "dev": true
    },
    "typescript": {
      "version": "3.9.9",
      "resolved": "https://registry.npmjs.org/typescript/-/typescript-3.9.9.tgz",
      "integrity": "sha512-kdMjTiekY+z/ubJCATUPlRDl39vXYiMV9iyeMuEuXZh2we6zz80uovNN2WlAxmmdE/Z/YQe+EbOEXB5RHEED3w==",
      "dev": true
    }
  }
}
