# THIS IS AN AUTOGENERATED FILE. DO NOT EDIT THIS FILE DIRECTLY.
# yarn lockfile v1


"@chaine/prettier-config@^1.0.3":
  version "1.1.1"
  resolved "https://registry.yarnpkg.com/@chaine/prettier-config/-/prettier-config-1.1.1.tgz#8d7f4ad9b4fb43ac6a8a38aa7ea97fc68ff031be"
  integrity sha512-Hkeau7yl0yl3D2R1T39evCNdMiTnflo4loAsvQrOWBYqft9urEhpV4o4VVLk/DwZ/vxzJYopPAiNBEefD17Fpg==

prettier@2.2.1:
  version "2.2.1"
  resolved "https://registry.yarnpkg.com/prettier/-/prettier-2.2.1.tgz#795a1a78dd52f073da0cd42b21f9c91381923ff5"
  integrity sha512-PqyhM2yCjg/oKkFPtTGUojv7gnZAoG80ttl45O6x2Ug/rMJw4wcc9k6aaf2hibP7BGVCCM33gZoGjyvt9mm16Q==

typescript@^3.7.2:
  version "3.9.10"
  resolved "https://registry.yarnpkg.com/typescript/-/typescript-3.9.10.tgz#70f3910ac7a51ed6bef79da7800690b19bf778b8"
  integrity sha512-w6fIxVE/H1PkLKcCPsFqKE7Kv7QUwhU8qQY2MueZXWx5cPZdwFupLgKK3vntcK98BtNHZtAF4LA/yl2a7k8R6Q==
